
Microsoft Visual Studio Solution File, Format Version 12.00
# Visual Studio Version 17
VisualStudioVersion = 17.4.33213.308
MinimumVisualStudioVersion = 10.0.40219.1
Project("{8BC9CEB8-8B4A-11D0-8D11-00A0C91BC942}") = "class", "class\class.vcxproj", "{18DCC26F-166D-41B0-9739-3BC451E7167B}"
EndProject
Project("{8BC9CEB8-8B4A-11D0-8D11-00A0C91BC942}") = "clas2", "clas2\clas2.vcxproj", "{3C3979B2-DBE5-4BBD-A819-7CA7DB438948}"
EndProject
Project("{8BC9CEB8-8B4A-11D0-8D11-00A0C91BC942}") = "04", "04\04.vcxproj", "{2D8CD119-7457-44CE-8291-32AF86BD98BA}"
EndProject
Project("{8BC9CEB8-8B4A-11D0-8D11-00A0C91BC942}") = "dut", "dut\dut.vcxproj", "{28B22751-C096-48B3-8E27-53F1983928B8}"
EndProject
Project("{8BC9CEB8-8B4A-11D0-8D11-00A0C91BC942}") = "Tack 2", "Tack 2\Tack 2.vcxproj", "{14AAF605-ADCC-47F8-9092-048422A2BBD7}"
EndProject
Global
	GlobalSection(SolutionConfigurationPlatforms) = preSolution
		Debug|x64 = Debug|x64
		Debug|x86 = Debug|x86
		Release|x64 = Release|x64
		Release|x86 = Release|x86
	EndGlobalSection
	GlobalSection(ProjectConfigurationPlatforms) = postSolution
		{18DCC26F-166D-41B0-9739-3BC451E7167B}.Debug|x64.ActiveCfg = Debug|x64
		{18DCC26F-166D-41B0-9739-3BC451E7167B}.Debug|x64.Build.0 = Debug|x64
		{18DCC26F-166D-41B0-9739-3BC451E7167B}.Debug|x86.ActiveCfg = Debug|Win32
		{18DCC26F-166D-41B0-9739-3BC451E7167B}.Debug|x86.Build.0 = Debug|Win32
		{18DCC26F-166D-41B0-9739-3BC451E7167B}.Release|x64.ActiveCfg = Release|x64
		{18DCC26F-166D-41B0-9739-3BC451E7167B}.Release|x64.Build.0 = Release|x64
		{18DCC26F-166D-41B0-9739-3BC451E7167B}.Release|x86.ActiveCfg = Release|Win32
		{18DCC26F-166D-41B0-9739-3BC451E7167B}.Release|x86.Build.0 = Release|Win32
		{3C3979B2-DBE5-4BBD-A819-7CA7DB438948}.Debug|x64.ActiveCfg = Debug|x64
		{3C3979B2-DBE5-4BBD-A819-7CA7DB438948}.Debug|x64.Build.0 = Debug|x64
		{3C3979B2-DBE5-4BBD-A819-7CA7DB438948}.Debug|x86.ActiveCfg = Debug|Win32
		{3C3979B2-DBE5-4BBD-A819-7CA7DB438948}.Debug|x86.Build.0 = Debug|Win32
		{3C3979B2-DBE5-4BBD-A819-7CA7DB438948}.Release|x64.ActiveCfg = Release|x64
		{3C3979B2-DBE5-4BBD-A819-7CA7DB438948}.Release|x64.Build.0 = Release|x64
		{3C3979B2-DBE5-4BBD-A819-7CA7DB438948}.Release|x86.ActiveCfg = Release|Win32
		{3C3979B2-DBE5-4BBD-A819-7CA7DB438948}.Release|x86.Build.0 = Release|Win32
		{2D8CD119-7457-44CE-8291-32AF86BD98BA}.Debug|x64.ActiveCfg = Debug|x64
		{2D8CD119-7457-44CE-8291-32AF86BD98BA}.Debug|x64.Build.0 = Debug|x64
		{2D8CD119-7457-44CE-8291-32AF86BD98BA}.Debug|x86.ActiveCfg = Debug|Win32
		{2D8CD119-7457-44CE-8291-32AF86BD98BA}.Debug|x86.Build.0 = Debug|Win32
		{2D8CD119-7457-44CE-8291-32AF86BD98BA}.Release|x64.ActiveCfg = Release|x64
		{2D8CD119-7457-44CE-8291-32AF86BD98BA}.Release|x64.Build.0 = Release|x64
		{2D8CD119-7457-44CE-8291-32AF86BD98BA}.Release|x86.ActiveCfg = Release|Win32
		{2D8CD119-7457-44CE-8291-32AF86BD98BA}.Release|x86.Build.0 = Release|Win32
		{28B22751-C096-48B3-8E27-53F1983928B8}.Debug|x64.ActiveCfg = Debug|x64
		{28B22751-C096-48B3-8E27-53F1983928B8}.Debug|x64.Build.0 = Debug|x64
		{28B22751-C096-48B3-8E27-53F1983928B8}.Debug|x86.ActiveCfg = Debug|Win32
		{28B22751-C096-48B3-8E27-53F1983928B8}.Debug|x86.Build.0 = Debug|Win32
		{28B22751-C096-48B3-8E27-53F1983928B8}.Release|x64.ActiveCfg = Release|x64
		{28B22751-C096-48B3-8E27-53F1983928B8}.Release|x64.Build.0 = Release|x64
		{28B22751-C096-48B3-8E27-53F1983928B8}.Release|x86.ActiveCfg = Release|Win32
		{28B22751-C096-48B3-8E27-53F1983928B8}.Release|x86.Build.0 = Release|Win32
		{14AAF605-ADCC-47F8-9092-048422A2BBD7}.Debug|x64.ActiveCfg = Debug|x64
		{14AAF605-ADCC-47F8-9092-048422A2BBD7}.Debug|x64.Build.0 = Debug|x64
		{14AAF605-ADCC-47F8-9092-048422A2BBD7}.Debug|x86.ActiveCfg = Debug|Win32
		{14AAF605-ADCC-47F8-9092-048422A2BBD7}.Debug|x86.Build.0 = Debug|Win32
		{14AAF605-ADCC-47F8-9092-048422A2BBD7}.Release|x64.ActiveCfg = Release|x64
		{14AAF605-ADCC-47F8-9092-048422A2BBD7}.Release|x64.Build.0 = Release|x64
		{14AAF605-ADCC-47F8-9092-048422A2BBD7}.Release|x86.ActiveCfg = Release|Win32
		{14AAF605-ADCC-47F8-9092-048422A2BBD7}.Release|x86.Build.0 = Release|Win32
	EndGlobalSection
	GlobalSection(SolutionProperties) = preSolution
		HideSolutionNode = FALSE
	EndGlobalSection
	GlobalSection(ExtensibilityGlobals) = postSolution
		SolutionGuid = {79B6844E-02A1-490B-BB09-FC77BFC6DA95}
	EndGlobalSection
EndGlobal
